
Microsoft Visual Studio Solution File, Format Version 12.00
# Visual Studio Version 17
VisualStudioVersion = 17.6.33829.357
MinimumVisualStudioVersion = 10.0.40219.1
Project("{FAE04EC0-301F-11D3-BF4B-00C04F79EFBC}") = "Reservation", "Reservation\Reservation.csproj", "{7CD440FF-4456-4BEA-B2A6-58921E47893A}"
EndProject
Global
	GlobalSection(SolutionConfigurationPlatforms) = preSolution
		Debug|Any CPU = Debug|Any CPU
		Release|Any CPU = Release|Any CPU
	EndGlobalSection
	GlobalSection(ProjectConfigurationPlatforms) = postSolution
		{7CD440FF-4456-4BEA-B2A6-58921E47893A}.Debug|Any CPU.ActiveCfg = Debug|Any CPU
		{7CD440FF-4456-4BEA-B2A6-58921E47893A}.Debug|Any CPU.Build.0 = Debug|Any CPU
		{7CD440FF-4456-4BEA-B2A6-58921E47893A}.Release|Any CPU.ActiveCfg = Release|Any CPU
		{7CD440FF-4456-4BEA-B2A6-58921E47893A}.Release|Any CPU.Build.0 = Release|Any CPU
	EndGlobalSection
	GlobalSection(SolutionProperties) = preSolution
		HideSolutionNode = FALSE
	EndGlobalSection
	GlobalSection(ExtensibilityGlobals) = postSolution
		SolutionGuid = {505FB278-4613-428D-BF20-9E023A64FE26}
	EndGlobalSection
EndGlobal
